
Microsoft Visual Studio Solution File, Format Version 12.00
# Visual Studio Version 16
VisualStudioVersion = 16.0.29911.84
MinimumVisualStudioVersion = 10.0.40219.1
Project("{FAE04EC0-301F-11D3-BF4B-00C04F79EFBC}") = "DisableIceWormAttack", "DisableIceWormAttack\DisableIceWormAttack.csproj", "{CE31B02C-5CEC-4A50-9BDD-6AFFA541E94E}"
EndProject
Global
	GlobalSection(SolutionConfigurationPlatforms) = preSolution
		Debug|Any CPU = Debug|Any CPU
		Release|Any CPU = Release|Any CPU
	EndGlobalSection
	GlobalSection(ProjectConfigurationPlatforms) = postSolution
		{CE31B02C-5CEC-4A50-9BDD-6AFFA541E94E}.Debug|Any CPU.ActiveCfg = Debug|Any CPU
		{CE31B02C-5CEC-4A50-9BDD-6AFFA541E94E}.Debug|Any CPU.Build.0 = Debug|Any CPU
		{CE31B02C-5CEC-4A50-9BDD-6AFFA541E94E}.Release|Any CPU.ActiveCfg = Release|Any CPU
		{CE31B02C-5CEC-4A50-9BDD-6AFFA541E94E}.Release|Any CPU.Build.0 = Release|Any CPU
	EndGlobalSection
	GlobalSection(SolutionProperties) = preSolution
		HideSolutionNode = FALSE
	EndGlobalSection
	GlobalSection(ExtensibilityGlobals) = postSolution
		SolutionGuid = {F99DA591-1CB6-474F-980D-225000539C47}
	EndGlobalSection
EndGlobal
